
Microsoft Visual Studio Solution File, Format Version 12.00
# Visual Studio Version 16
VisualStudioVersion = 16.0.31515.178
MinimumVisualStudioVersion = 10.0.40219.1
Project("{FAE04EC0-301F-11D3-BF4B-00C04F79EFBC}") = "HelloworldGit", "HelloworldGit\HelloworldGit.csproj", "{DF97CF1C-2F94-4460-92FF-C70175357719}"
EndProject
Global
	GlobalSection(SolutionConfigurationPlatforms) = preSolution
		Debug|Any CPU = Debug|Any CPU
		Release|Any CPU = Release|Any CPU
	EndGlobalSection
	GlobalSection(ProjectConfigurationPlatforms) = postSolution
		{DF97CF1C-2F94-4460-92FF-C70175357719}.Debug|Any CPU.ActiveCfg = Debug|Any CPU
		{DF97CF1C-2F94-4460-92FF-C70175357719}.Debug|Any CPU.Build.0 = Debug|Any CPU
		{DF97CF1C-2F94-4460-92FF-C70175357719}.Release|Any CPU.ActiveCfg = Release|Any CPU
		{DF97CF1C-2F94-4460-92FF-C70175357719}.Release|Any CPU.Build.0 = Release|Any CPU
	EndGlobalSection
	GlobalSection(SolutionProperties) = preSolution
		HideSolutionNode = FALSE
	EndGlobalSection
	GlobalSection(ExtensibilityGlobals) = postSolution
		SolutionGuid = {2A3E54CB-4BCF-4067-8E06-31F6B6F9EE01}
	EndGlobalSection
EndGlobal
